// !$*UTF8*$!
{
	archiveVersion = 1;
	classes = {
	};
	objectVersion = 55;
	objects = {

/* Begin PBXBuildFile section */
		3FA7DFA727439408003AF978 /* AppDelegate.swift in Sources */ = {isa = PBXBuildFile; fileRef = 3FA7DFA627439408003AF978 /* AppDelegate.swift */; };
		3FA7DFA927439408003AF978 /* SceneDelegate.swift in Sources */ = {isa = PBXBuildFile; fileRef = 3FA7DFA827439408003AF978 /* SceneDelegate.swift */; };
		3FA7DFAB27439408003AF978 /* SingInViewController.swift in Sources */ = {isa = PBXBuildFile; fileRef = 3FA7DFAA27439408003AF978 /* SingInViewController.swift */; };
		3FA7DFAE27439408003AF978 /* Main.storyboard in Resources */ = {isa = PBXBuildFile; fileRef = 3FA7DFAC27439408003AF978 /* Main.storyboard */; };
		3FA7DFB02743940A003AF978 /* Assets.xcassets in Resources */ = {isa = PBXBuildFile; fileRef = 3FA7DFAF2743940A003AF978 /* Assets.xcassets */; };
		3FA7DFB32743940A003AF978 /* LaunchScreen.storyboard in Resources */ = {isa = PBXBuildFile; fileRef = 3FA7DFB12743940A003AF978 /* LaunchScreen.storyboard */; };
		3FA7DFBC2743942F003AF978 /* Alamofire in Frameworks */ = {isa = PBXBuildFile; productRef = 3FA7DFBB2743942F003AF978 /* Alamofire */; };
		3FA7DFBF27439439003AF978 /* SwiftyJSON in Frameworks */ = {isa = PBXBuildFile; productRef = 3FA7DFBE27439439003AF978 /* SwiftyJSON */; };
		3FA7DFE32743A072003AF978 /* Alegreya-BoldItalic.ttf in Resources */ = {isa = PBXBuildFile; fileRef = 3FA7DFD82743A072003AF978 /* Alegreya-BoldItalic.ttf */; };
		3FA7DFE42743A072003AF978 /* Alegreya-ExtraBold.ttf in Resources */ = {isa = PBXBuildFile; fileRef = 3FA7DFD92743A072003AF978 /* Alegreya-ExtraBold.ttf */; };
		3FA7DFE52743A072003AF978 /* Alegreya-Bold.ttf in Resources */ = {isa = PBXBuildFile; fileRef = 3FA7DFDA2743A072003AF978 /* Alegreya-Bold.ttf */; };
		3FA7DFE62743A072003AF978 /* Alegreya-Italic.ttf in Resources */ = {isa = PBXBuildFile; fileRef = 3FA7DFDB2743A072003AF978 /* Alegreya-Italic.ttf */; };
		3FA7DFE72743A072003AF978 /* Alegreya-ExtraBoldItalic.ttf in Resources */ = {isa = PBXBuildFile; fileRef = 3FA7DFDC2743A072003AF978 /* Alegreya-ExtraBoldItalic.ttf */; };
		3FA7DFE82743A072003AF978 /* Alegreya-Medium.ttf in Resources */ = {isa = PBXBuildFile; fileRef = 3FA7DFDD2743A072003AF978 /* Alegreya-Medium.ttf */; };
		3FA7DFE92743A072003AF978 /* Alegreya-Black.ttf in Resources */ = {isa = PBXBuildFile; fileRef = 3FA7DFDE2743A072003AF978 /* Alegreya-Black.ttf */; };
		3FA7DFEA2743A072003AF978 /* OFL.txt in Resources */ = {isa = PBXBuildFile; fileRef = 3FA7DFDF2743A072003AF978 /* OFL.txt */; };
		3FA7DFEB2743A072003AF978 /* Alegreya-BlackItalic.ttf in Resources */ = {isa = PBXBuildFile; fileRef = 3FA7DFE02743A072003AF978 /* Alegreya-BlackItalic.ttf */; };
		3FA7DFEC2743A072003AF978 /* Alegreya-MediumItalic.ttf in Resources */ = {isa = PBXBuildFile; fileRef = 3FA7DFE12743A072003AF978 /* Alegreya-MediumItalic.ttf */; };
		3FA7DFED2743A072003AF978 /* Alegreya-Regular.ttf in Resources */ = {isa = PBXBuildFile; fileRef = 3FA7DFE22743A072003AF978 /* Alegreya-Regular.ttf */; };
/* End PBXBuildFile section */

/* Begin PBXFileReference section */
		3FA7DFA327439408003AF978 /* Meditation.app */ = {isa = PBXFileReference; explicitFileType = wrapper.application; includeInIndex = 0; path = Meditation.app; sourceTree = BUILT_PRODUCTS_DIR; };
		3FA7DFA627439408003AF978 /* AppDelegate.swift */ = {isa = PBXFileReference; lastKnownFileType = sourcecode.swift; path = AppDelegate.swift; sourceTree = "<group>"; };
		3FA7DFA827439408003AF978 /* SceneDelegate.swift */ = {isa = PBXFileReference; lastKnownFileType = sourcecode.swift; path = SceneDelegate.swift; sourceTree = "<group>"; };
		3FA7DFAA27439408003AF978 /* SingInViewController.swift */ = {isa = PBXFileReference; lastKnownFileType = sourcecode.swift; path = SingInViewController.swift; sourceTree = "<group>"; };
		3FA7DFAD27439408003AF978 /* Base */ = {isa = PBXFileReference; lastKnownFileType = file.storyboard; name = Base; path = Base.lproj/Main.storyboard; sourceTree = "<group>"; };
		3FA7DFAF2743940A003AF978 /* Assets.xcassets */ = {isa = PBXFileReference; lastKnownFileType = folder.assetcatalog; path = Assets.xcassets; sourceTree = "<group>"; };
		3FA7DFB22743940A003AF978 /* Base */ = {isa = PBXFileReference; lastKnownFileType = file.storyboard; name = Base; path = Base.lproj/LaunchScreen.storyboard; sourceTree = "<group>"; };
		3FA7DFB42743940A003AF978 /* Info.plist */ = {isa = PBXFileReference; lastKnownFileType = text.plist.xml; path = Info.plist; sourceTree = "<group>"; };
		3FA7DFD82743A072003AF978 /* Alegreya-BoldItalic.ttf */ = {isa = PBXFileReference; lastKnownFileType = file; path = "Alegreya-BoldItalic.ttf"; sourceTree = "<group>"; };
		3FA7DFD92743A072003AF978 /* Alegreya-ExtraBold.ttf */ = {isa = PBXFileReference; lastKnownFileType = file; path = "Alegreya-ExtraBold.ttf"; sourceTree = "<group>"; };
		3FA7DFDA2743A072003AF978 /* Alegreya-Bold.ttf */ = {isa = PBXFileReference; lastKnownFileType = file; path = "Alegreya-Bold.ttf"; sourceTree = "<group>"; };
		3FA7DFDB2743A072003AF978 /* Alegreya-Italic.ttf */ = {isa = PBXFileReference; lastKnownFileType = file; path = "Alegreya-Italic.ttf"; sourceTree = "<group>"; };
		3FA7DFDC2743A072003AF978 /* Alegreya-ExtraBoldItalic.ttf */ = {isa = PBXFileReference; lastKnownFileType = file; path = "Alegreya-ExtraBoldItalic.ttf"; sourceTree = "<group>"; };
		3FA7DFDD2743A072003AF978 /* Alegreya-Medium.ttf */ = {isa = PBXFileReference; lastKnownFileType = file; path = "Alegreya-Medium.ttf"; sourceTree = "<group>"; };
		3FA7DFDE2743A072003AF978 /* Alegreya-Black.ttf */ = {isa = PBXFileReference; lastKnownFileType = file; path = "Alegreya-Black.ttf"; sourceTree = "<group>"; };
		3FA7DFDF2743A072003AF978 /* OFL.txt */ = {isa = PBXFileReference; fileEncoding = 4; lastKnownFileType = text; path = OFL.txt; sourceTree = "<group>"; };
		3FA7DFE02743A072003AF978 /* Alegreya-BlackItalic.ttf */ = {isa = PBXFileReference; lastKnownFileType = file; path = "Alegreya-BlackItalic.ttf"; sourceTree = "<group>"; };
		3FA7DFE12743A072003AF978 /* Alegreya-MediumItalic.ttf */ = {isa = PBXFileReference; lastKnownFileType = file; path = "Alegreya-MediumItalic.ttf"; sourceTree = "<group>"; };
		3FA7DFE22743A072003AF978 /* Alegreya-Regular.ttf */ = {isa = PBXFileReference; lastKnownFileType = file; path = "Alegreya-Regular.ttf"; sourceTree = "<group>"; };
/* End PBXFileReference section */

/* Begin PBXFrameworksBuildPhase section */
		3FA7DFA027439408003AF978 /* Frameworks */ = {
			isa = PBXFrameworksBuildPhase;
			buildActionMask = 2147483647;
			files = (
				3FA7DFBF27439439003AF978 /* SwiftyJSON in Frameworks */,
				3FA7DFBC2743942F003AF978 /* Alamofire in Frameworks */,
			);
			runOnlyForDeploymentPostprocessing = 0;
		};
/* End PBXFrameworksBuildPhase section */

/* Begin PBXGroup section */
		3FA7DF9A27439408003AF978 = {
			isa = PBXGroup;
			children = (
				3FA7DFA527439408003AF978 /* Meditation */,
				3FA7DFA427439408003AF978 /* Products */,
			);
			sourceTree = "<group>";
		};
		3FA7DFA427439408003AF978 /* Products */ = {
			isa = PBXGroup;
			children = (
				3FA7DFA327439408003AF978 /* Meditation.app */,
			);
			name = Products;
			sourceTree = "<group>";
		};
		3FA7DFA527439408003AF978 /* Meditation */ = {
			isa = PBXGroup;
			children = (
				3FA7DFD72743A058003AF978 /* Fonts */,
				3FA7DFA627439408003AF978 /* AppDelegate.swift */,
				3FA7DFA827439408003AF978 /* SceneDelegate.swift */,
				3FA7DFAA27439408003AF978 /* SingInViewController.swift */,
				3FA7DFAC27439408003AF978 /* Main.storyboard */,
				3FA7DFAF2743940A003AF978 /* Assets.xcassets */,
				3FA7DFB12743940A003AF978 /* LaunchScreen.storyboard */,
				3FA7DFB42743940A003AF978 /* Info.plist */,
			);
			path = Meditation;
			sourceTree = "<group>";
		};
		3FA7DFD72743A058003AF978 /* Fonts */ = {
			isa = PBXGroup;
			children = (
				3FA7DFDE2743A072003AF978 /* Alegreya-Black.ttf */,
				3FA7DFE02743A072003AF978 /* Alegreya-BlackItalic.ttf */,
				3FA7DFDA2743A072003AF978 /* Alegreya-Bold.ttf */,
				3FA7DFD82743A072003AF978 /* Alegreya-BoldItalic.ttf */,
				3FA7DFD92743A072003AF978 /* Alegreya-ExtraBold.ttf */,
				3FA7DFDC2743A072003AF978 /* Alegreya-ExtraBoldItalic.ttf */,
				3FA7DFDB2743A072003AF978 /* Alegreya-Italic.ttf */,
				3FA7DFDD2743A072003AF978 /* Alegreya-Medium.ttf */,
				3FA7DFE12743A072003AF978 /* Alegreya-MediumItalic.ttf */,
				3FA7DFE22743A072003AF978 /* Alegreya-Regular.ttf */,
				3FA7DFDF2743A072003AF978 /* OFL.txt */,
			);
			path = Fonts;
			sourceTree = "<group>";
		};
/* End PBXGroup section */

/* Begin PBXNativeTarget section */
		3FA7DFA227439408003AF978 /* Meditation */ = {
			isa = PBXNativeTarget;
			buildConfigurationList = 3FA7DFB72743940A003AF978 /* Build configuration list for PBXNativeTarget "Meditation" */;
			buildPhases = (
				3FA7DF9F27439408003AF978 /* Sources */,
				3FA7DFA027439408003AF978 /* Frameworks */,
				3FA7DFA127439408003AF978 /* Resources */,
			);
			buildRules = (
			);
			dependencies = (
			);
			name = Meditation;
			packageProductDependencies = (
				3FA7DFBB2743942F003AF978 /* Alamofire */,
				3FA7DFBE27439439003AF978 /* SwiftyJSON */,
			);
			productName = Meditation;
			productReference = 3FA7DFA327439408003AF978 /* Meditation.app */;
			productType = "com.apple.product-type.application";
		};
/* End PBXNativeTarget section */

/* Begin PBXProject section */
		3FA7DF9B27439408003AF978 /* Project object */ = {
			isa = PBXProject;
			attributes = {
				BuildIndependentTargetsInParallel = 1;
				LastSwiftUpdateCheck = 1310;
				LastUpgradeCheck = 1310;
				TargetAttributes = {
					3FA7DFA227439408003AF978 = {
						CreatedOnToolsVersion = 13.1;
					};
				};
			};
			buildConfigurationList = 3FA7DF9E27439408003AF978 /* Build configuration list for PBXProject "Meditation" */;
			compatibilityVersion = "Xcode 13.0";
			developmentRegion = en;
			hasScannedForEncodings = 0;
			knownRegions = (
				en,
				Base,
			);
			mainGroup = 3FA7DF9A27439408003AF978;
			packageReferences = (
				3FA7DFBA2743942F003AF978 /* XCRemoteSwiftPackageReference "alamofire" */,
				3FA7DFBD27439439003AF978 /* XCRemoteSwiftPackageReference "swiftyJSON" */,
			);
			productRefGroup = 3FA7DFA427439408003AF978 /* Products */;
			projectDirPath = "";
			projectRoot = "";
			targets = (
				3FA7DFA227439408003AF978 /* Meditation */,
			);
		};
/* End PBXProject section */

/* Begin PBXResourcesBuildPhase section */
		3FA7DFA127439408003AF978 /* Resources */ = {
			isa = PBXResourcesBuildPhase;
			buildActionMask = 2147483647;
			files = (
				3FA7DFE82743A072003AF978 /* Alegreya-Medium.ttf in Resources */,
				3FA7DFEA2743A072003AF978 /* OFL.txt in Resources */,
				3FA7DFB32743940A003AF978 /* LaunchScreen.storyboard in Resources */,
				3FA7DFE92743A072003AF978 /* Alegreya-Black.ttf in Resources */,
				3FA7DFE52743A072003AF978 /* Alegreya-Bold.ttf in Resources */,
				3FA7DFED2743A072003AF978 /* Alegreya-Regular.ttf in Resources */,
				3FA7DFE72743A072003AF978 /* Alegreya-ExtraBoldItalic.ttf in Resources */,
				3FA7DFE62743A072003AF978 /* Alegreya-Italic.ttf in Resources */,
				3FA7DFE32743A072003AF978 /* Alegreya-BoldItalic.ttf in Resources */,
				3FA7DFE42743A072003AF978 /* Alegreya-ExtraBold.ttf in Resources */,
				3FA7DFB02743940A003AF978 /* Assets.xcassets in Resources */,
				3FA7DFEC2743A072003AF978 /* Alegreya-MediumItalic.ttf in Resources */,
				3FA7DFEB2743A072003AF978 /* Alegreya-BlackItalic.ttf in Resources */,
				3FA7DFAE27439408003AF978 /* Main.storyboard in Resources */,
			);
			runOnlyForDeploymentPostprocessing = 0;
		};
/* End PBXResourcesBuildPhase section */

/* Begin PBXSourcesBuildPhase section */
		3FA7DF9F27439408003AF978 /* Sources */ = {
			isa = PBXSourcesBuildPhase;
			buildActionMask = 2147483647;
			files = (
				3FA7DFAB27439408003AF978 /* SingInViewController.swift in Sources */,
				3FA7DFA727439408003AF978 /* AppDelegate.swift in Sources */,
				3FA7DFA927439408003AF978 /* SceneDelegate.swift in Sources */,
			);
			runOnlyForDeploymentPostprocessing = 0;
		};
/* End PBXSourcesBuildPhase section */

/* Begin PBXVariantGroup section */
		3FA7DFAC27439408003AF978 /* Main.storyboard */ = {
			isa = PBXVariantGroup;
			children = (
				3FA7DFAD27439408003AF978 /* Base */,
			);
			name = Main.storyboard;
			sourceTree = "<group>";
		};
		3FA7DFB12743940A003AF978 /* LaunchScreen.storyboard */ = {
			isa = PBXVariantGroup;
			children = (
				3FA7DFB22743940A003AF978 /* Base */,
			);
			name = LaunchScreen.storyboard;
			sourceTree = "<group>";
		};
/* End PBXVariantGroup section */

/* Begin XCBuildConfiguration section */
		3FA7DFB52743940A003AF978 /* Debug */ = {
			isa = XCBuildConfiguration;
			buildSettings = {
				ALWAYS_SEARCH_USER_PATHS = NO;
				CLANG_ANALYZER_NONNULL = YES;
				CLANG_ANALYZER_NUMBER_OBJECT_CONVERSION = YES_AGGRESSIVE;
				CLANG_CXX_LANGUAGE_STANDARD = "gnu++17";
				CLANG_CXX_LIBRARY = "libc++";
				CLANG_ENABLE_MODULES = YES;
				CLANG_ENABLE_OBJC_ARC = YES;
				CLANG_ENABLE_OBJC_WEAK = YES;
				CLANG_WARN_BLOCK_CAPTURE_AUTORELEASING = YES;
				CLANG_WARN_BOOL_CONVERSION = YES;
				CLANG_WARN_COMMA = YES;
				CLANG_WARN_CONSTANT_CONVERSION = YES;
				CLANG_WARN_DEPRECATED_OBJC_IMPLEMENTATIONS = YES;
				CLANG_WARN_DIRECT_OBJC_ISA_USAGE = YES_ERROR;
				CLANG_WARN_DOCUMENTATION_COMMENTS = YES;
				CLANG_WARN_EMPTY_BODY = YES;
				CLANG_WARN_ENUM_CONVERSION = YES;
				CLANG_WARN_INFINITE_RECURSION = YES;
				CLANG_WARN_INT_CONVERSION = YES;
				CLANG_WARN_NON_LITERAL_NULL_CONVERSION = YES;
				CLANG_WARN_OBJC_IMPLICIT_RETAIN_SELF = YES;
				CLANG_WARN_OBJC_LITERAL_CONVERSION = YES;
				CLANG_WARN_OBJC_ROOT_CLASS = YES_ERROR;
				CLANG_WARN_QUOTED_INCLUDE_IN_FRAMEWORK_HEADER = YES;
				CLANG_WARN_RANGE_LOOP_ANALYSIS = YES;
				CLANG_WARN_STRICT_PROTOTYPES = YES;
				CLANG_WARN_SUSPICIOUS_MOVE = YES;
				CLANG_WARN_UNGUARDED_AVAILABILITY = YES_AGGRESSIVE;
				CLANG_WARN_UNREACHABLE_CODE = YES;
				CLANG_WARN__DUPLICATE_METHOD_MATCH = YES;
				COPY_PHASE_STRIP = NO;
				DEBUG_INFORMATION_FORMAT = dwarf;
				ENABLE_STRICT_OBJC_MSGSEND = YES;
				ENABLE_TESTABILITY = YES;
				GCC_C_LANGUAGE_STANDARD = gnu11;
				GCC_DYNAMIC_NO_PIC = NO;
				GCC_NO_COMMON_BLOCKS = YES;
				GCC_OPTIMIZATION_LEVEL = 0;
				GCC_PREPROCESSOR_DEFINITIONS = (
					"DEBUG=1",
					"$(inherited)",
				);
				GCC_WARN_64_TO_32_BIT_CONVERSION = YES;
				GCC_WARN_ABOUT_RETURN_TYPE = YES_ERROR;
				GCC_WARN_UNDECLARED_SELECTOR = YES;
				GCC_WARN_UNINITIALIZED_AUTOS = YES_AGGRESSIVE;
				GCC_WARN_UNUSED_FUNCTION = YES;
				GCC_WARN_UNUSED_VARIABLE = YES;
				IPHONEOS_DEPLOYMENT_TARGET = 15.0;
				MTL_ENABLE_DEBUG_INFO = INCLUDE_SOURCE;
				MTL_FAST_MATH = YES;
				ONLY_ACTIVE_ARCH = YES;
				SDKROOT = iphoneos;
				SWIFT_ACTIVE_COMPILATION_CONDITIONS = DEBUG;
				SWIFT_OPTIMIZATION_LEVEL = "-Onone";
			};
			name = Debug;
		};
		3FA7DFB62743940A003AF978 /* Release */ = {
			isa = XCBuildConfiguration;
			buildSettings = {
				ALWAYS_SEARCH_USER_PATHS = NO;
				CLANG_ANALYZER_NONNULL = YES;
				CLANG_ANALYZER_NUMBER_OBJECT_CONVERSION = YES_AGGRESSIVE;
				CLANG_CXX_LANGUAGE_STANDARD = "gnu++17";
				CLANG_CXX_LIBRARY = "libc++";
				CLANG_ENABLE_MODULES = YES;
				CLANG_ENABLE_OBJC_ARC = YES;
				CLANG_ENABLE_OBJC_WEAK = YES;
				CLANG_WARN_BLOCK_CAPTURE_AUTORELEASING = YES;
				CLANG_WARN_BOOL_CONVERSION = YES;
				CLANG_WARN_COMMA = YES;
				CLANG_WARN_CONSTANT_CONVERSION = YES;
				CLANG_WARN_DEPRECATED_OBJC_IMPLEMENTATIONS = YES;
				CLANG_WARN_DIRECT_OBJC_ISA_USAGE = YES_ERROR;
				CLANG_WARN_DOCUMENTATION_COMMENTS = YES;
				CLANG_WARN_EMPTY_BODY = YES;
				CLANG_WARN_ENUM_CONVERSION = YES;
				CLANG_WARN_INFINITE_RECURSION = YES;
				CLANG_WARN_INT_CONVERSION = YES;
				CLANG_WARN_NON_LITERAL_NULL_CONVERSION = YES;
				CLANG_WARN_OBJC_IMPLICIT_RETAIN_SELF = YES;
				CLANG_WARN_OBJC_LITERAL_CONVERSION = YES;
				CLANG_WARN_OBJC_ROOT_CLASS = YES_ERROR;
				CLANG_WARN_QUOTED_INCLUDE_IN_FRAMEWORK_HEADER = YES;
				CLANG_WARN_RANGE_LOOP_ANALYSIS = YES;
				CLANG_WARN_STRICT_PROTOTYPES = YES;
				CLANG_WARN_SUSPICIOUS_MOVE = YES;
				CLANG_WARN_UNGUARDED_AVAILABILITY = YES_AGGRESSIVE;
				CLANG_WARN_UNREACHABLE_CODE = YES;
				CLANG_WARN__DUPLICATE_METHOD_MATCH = YES;
				COPY_PHASE_STRIP = NO;
				DEBUG_INFORMATION_FORMAT = "dwarf-with-dsym";
				ENABLE_NS_ASSERTIONS = NO;
				ENABLE_STRICT_OBJC_MSGSEND = YES;
				GCC_C_LANGUAGE_STANDARD = gnu11;
				GCC_NO_COMMON_BLOCKS = YES;
				GCC_WARN_64_TO_32_BIT_CONVERSION = YES;
				GCC_WARN_ABOUT_RETURN_TYPE = YES_ERROR;
				GCC_WARN_UNDECLARED_SELECTOR = YES;
				GCC_WARN_UNINITIALIZED_AUTOS = YES_AGGRESSIVE;
				GCC_WARN_UNUSED_FUNCTION = YES;
				GCC_WARN_UNUSED_VARIABLE = YES;
				IPHONEOS_DEPLOYMENT_TARGET = 15.0;
				MTL_ENABLE_DEBUG_INFO = NO;
				MTL_FAST_MATH = YES;
				SDKROOT = iphoneos;
				SWIFT_COMPILATION_MODE = wholemodule;
				SWIFT_OPTIMIZATION_LEVEL = "-O";
				VALIDATE_PRODUCT = YES;
			};
			name = Release;
		};
		3FA7DFB82743940A003AF978 /* Debug */ = {
			isa = XCBuildConfiguration;
			buildSettings = {
				ASSETCATALOG_COMPILER_APPICON_NAME = AppIcon;
				ASSETCATALOG_COMPILER_GLOBAL_ACCENT_COLOR_NAME = AccentColor;
				CODE_SIGN_STYLE = Automatic;
				CURRENT_PROJECT_VERSION = 1;
				GENERATE_INFOPLIST_FILE = YES;
				INFOPLIST_FILE = Meditation/Info.plist;
				INFOPLIST_KEY_UIApplicationSupportsIndirectInputEvents = YES;
				INFOPLIST_KEY_UILaunchStoryboardName = LaunchScreen;
				INFOPLIST_KEY_UIMainStoryboardFile = Main;
				INFOPLIST_KEY_UISupportedInterfaceOrientations_iPad = "UIInterfaceOrientationPortrait UIInterfaceOrientationPortraitUpsideDown UIInterfaceOrientationLandscapeLeft UIInterfaceOrientationLandscapeRight";
				INFOPLIST_KEY_UISupportedInterfaceOrientations_iPhone = "UIInterfaceOrientationPortrait UIInterfaceOrientationLandscapeLeft UIInterfaceOrientationLandscapeRight";
				LD_RUNPATH_SEARCH_PATHS = (
					"$(inherited)",
					"@executable_path/Frameworks",
				);
				MARKETING_VERSION = 1.0;
				PRODUCT_BUNDLE_IDENTIFIER = ru.kuznetsov.Meditation;
				PRODUCT_NAME = "$(TARGET_NAME)";
				SWIFT_EMIT_LOC_STRINGS = YES;
				SWIFT_VERSION = 5.0;
				TARGETED_DEVICE_FAMILY = 1;
			};
			name = Debug;
		};
		3FA7DFB92743940A003AF978 /* Release */ = {
			isa = XCBuildConfiguration;
			buildSettings = {
				ASSETCATALOG_COMPILER_APPICON_NAME = AppIcon;
				ASSETCATALOG_COMPILER_GLOBAL_ACCENT_COLOR_NAME = AccentColor;
				CODE_SIGN_STYLE = Automatic;
				CURRENT_PROJECT_VERSION = 1;
				GENERATE_INFOPLIST_FILE = YES;
				INFOPLIST_FILE = Meditation/Info.plist;
				INFOPLIST_KEY_UIApplicationSupportsIndirectInputEvents = YES;
				INFOPLIST_KEY_UILaunchStoryboardName = LaunchScreen;
				INFOPLIST_KEY_UIMainStoryboardFile = Main;
				INFOPLIST_KEY_UISupportedInterfaceOrientations_iPad = "UIInterfaceOrientationPortrait UIInterfaceOrientationPortraitUpsideDown UIInterfaceOrientationLandscapeLeft UIInterfaceOrientationLandscapeRight";
				INFOPLIST_KEY_UISupportedInterfaceOrientations_iPhone = "UIInterfaceOrientationPortrait UIInterfaceOrientationLandscapeLeft UIInterfaceOrientationLandscapeRight";
				LD_RUNPATH_SEARCH_PATHS = (
					"$(inherited)",
					"@executable_path/Frameworks",
				);
				MARKETING_VERSION = 1.0;
				PRODUCT_BUNDLE_IDENTIFIER = ru.kuznetsov.Meditation;
				PRODUCT_NAME = "$(TARGET_NAME)";
				SWIFT_EMIT_LOC_STRINGS = YES;
				SWIFT_VERSION = 5.0;
				TARGETED_DEVICE_FAMILY = 1;
			};
			name = Release;
		};
/* End XCBuildConfiguration section */

/* Begin XCConfigurationList section */
		3FA7DF9E27439408003AF978 /* Build configuration list for PBXProject "Meditation" */ = {
			isa = XCConfigurationList;
			buildConfigurations = (
				3FA7DFB52743940A003AF978 /* Debug */,
				3FA7DFB62743940A003AF978 /* Release */,
			);
			defaultConfigurationIsVisible = 0;
			defaultConfigurationName = Release;
		};
		3FA7DFB72743940A003AF978 /* Build configuration list for PBXNativeTarget "Meditation" */ = {
			isa = XCConfigurationList;
			buildConfigurations = (
				3FA7DFB82743940A003AF978 /* Debug */,
				3FA7DFB92743940A003AF978 /* Release */,
			);
			defaultConfigurationIsVisible = 0;
			defaultConfigurationName = Release;
		};
/* End XCConfigurationList section */

/* Begin XCRemoteSwiftPackageReference section */
		3FA7DFBA2743942F003AF978 /* XCRemoteSwiftPackageReference "alamofire" */ = {
			isa = XCRemoteSwiftPackageReference;
			repositoryURL = "http://github.com/alamofire/alamofire";
			requirement = {
				branch = master;
				kind = branch;
			};
		};
		3FA7DFBD27439439003AF978 /* XCRemoteSwiftPackageReference "swiftyJSON" */ = {
			isa = XCRemoteSwiftPackageReference;
			repositoryURL = "http://github.com/swiftyJSON/swiftyJSON/";
			requirement = {
				branch = master;
				kind = branch;
			};
		};
/* End XCRemoteSwiftPackageReference section */

/* Begin XCSwiftPackageProductDependency section */
		3FA7DFBB2743942F003AF978 /* Alamofire */ = {
			isa = XCSwiftPackageProductDependency;
			package = 3FA7DFBA2743942F003AF978 /* XCRemoteSwiftPackageReference "alamofire" */;
			productName = Alamofire;
		};
		3FA7DFBE27439439003AF978 /* SwiftyJSON */ = {
			isa = XCSwiftPackageProductDependency;
			package = 3FA7DFBD27439439003AF978 /* XCRemoteSwiftPackageReference "swiftyJSON" */;
			productName = SwiftyJSON;
		};
/* End XCSwiftPackageProductDependency section */
	};
	rootObject = 3FA7DF9B27439408003AF978 /* Project object */;
}
